// !$*UTF8*$!
{
	archiveVersion = 1;
	classes = {
	};
	objectVersion = 50;
	objects = {

/* Begin PBXBuildFile section */
		94CF3D90264E7D8B0089FA2C /* AppDelegate.swift in Sources */ = {isa = PBXBuildFile; fileRef = 94CF3D8F264E7D8B0089FA2C /* AppDelegate.swift */; };
		94CF3D92264E7D8B0089FA2C /* SceneDelegate.swift in Sources */ = {isa = PBXBuildFile; fileRef = 94CF3D91264E7D8B0089FA2C /* SceneDelegate.swift */; };
		94CF3D94264E7D8B0089FA2C /* ViewController.swift in Sources */ = {isa = PBXBuildFile; fileRef = 94CF3D93264E7D8B0089FA2C /* ViewController.swift */; };
		94CF3D97264E7D8B0089FA2C /* Main.storyboard in Resources */ = {isa = PBXBuildFile; fileRef = 94CF3D95264E7D8B0089FA2C /* Main.storyboard */; };
		94CF3D99264E7D8E0089FA2C /* Assets.xcassets in Resources */ = {isa = PBXBuildFile; fileRef = 94CF3D98264E7D8E0089FA2C /* Assets.xcassets */; };
		94CF3D9C264E7D8E0089FA2C /* LaunchScreen.storyboard in Resources */ = {isa = PBXBuildFile; fileRef = 94CF3D9A264E7D8E0089FA2C /* LaunchScreen.storyboard */; };
		94CF3DA5264E82280089FA2C /* HomeCollectionViewController.swift in Sources */ = {isa = PBXBuildFile; fileRef = 94CF3DA4264E82280089FA2C /* HomeCollectionViewController.swift */; };
		94CF3DA8264E82370089FA2C /* HabitsCollectionViewController.swift in Sources */ = {isa = PBXBuildFile; fileRef = 94CF3DA7264E82370089FA2C /* HabitsCollectionViewController.swift */; };
		94CF3DAB264E82420089FA2C /* UserCollectionViewController.swift in Sources */ = {isa = PBXBuildFile; fileRef = 94CF3DAA264E82420089FA2C /* UserCollectionViewController.swift */; };
		94CF3DAE264E824F0089FA2C /* LogHabitCollectionViewController.swift in Sources */ = {isa = PBXBuildFile; fileRef = 94CF3DAD264E824F0089FA2C /* LogHabitCollectionViewController.swift */; };
		94CF3DB1264E83720089FA2C /* HabitDetailViewController.swift in Sources */ = {isa = PBXBuildFile; fileRef = 94CF3DB0264E83720089FA2C /* HabitDetailViewController.swift */; };
		94CF3DB4264E83850089FA2C /* UserDetailViewController.swift in Sources */ = {isa = PBXBuildFile; fileRef = 94CF3DB3264E83850089FA2C /* UserDetailViewController.swift */; };
		94CF3DB7264E85A90089FA2C /* Habit.swift in Sources */ = {isa = PBXBuildFile; fileRef = 94CF3DB6264E85A90089FA2C /* Habit.swift */; };
		94CF3DBA264E980A0089FA2C /* Category.swift in Sources */ = {isa = PBXBuildFile; fileRef = 94CF3DB9264E980A0089FA2C /* Category.swift */; };
		94CF3DBD264E98320089FA2C /* Color.swift in Sources */ = {isa = PBXBuildFile; fileRef = 94CF3DBC264E98320089FA2C /* Color.swift */; };
		94CF3DC0264E9A620089FA2C /* APIRequest.swift in Sources */ = {isa = PBXBuildFile; fileRef = 94CF3DBF264E9A620089FA2C /* APIRequest.swift */; };
		94CF3DC3264EA1B20089FA2C /* APIService.swift in Sources */ = {isa = PBXBuildFile; fileRef = 94CF3DC2264EA1B20089FA2C /* APIService.swift */; };
/* End PBXBuildFile section */

/* Begin PBXFileReference section */
		94CF3D8C264E7D8B0089FA2C /* Habits.app */ = {isa = PBXFileReference; explicitFileType = wrapper.application; includeInIndex = 0; path = Habits.app; sourceTree = BUILT_PRODUCTS_DIR; };
		94CF3D8F264E7D8B0089FA2C /* AppDelegate.swift */ = {isa = PBXFileReference; lastKnownFileType = sourcecode.swift; path = AppDelegate.swift; sourceTree = "<group>"; };
		94CF3D91264E7D8B0089FA2C /* SceneDelegate.swift */ = {isa = PBXFileReference; lastKnownFileType = sourcecode.swift; path = SceneDelegate.swift; sourceTree = "<group>"; };
		94CF3D93264E7D8B0089FA2C /* ViewController.swift */ = {isa = PBXFileReference; lastKnownFileType = sourcecode.swift; path = ViewController.swift; sourceTree = "<group>"; };
		94CF3D96264E7D8B0089FA2C /* Base */ = {isa = PBXFileReference; lastKnownFileType = file.storyboard; name = Base; path = Base.lproj/Main.storyboard; sourceTree = "<group>"; };
		94CF3D98264E7D8E0089FA2C /* Assets.xcassets */ = {isa = PBXFileReference; lastKnownFileType = folder.assetcatalog; path = Assets.xcassets; sourceTree = "<group>"; };
		94CF3D9B264E7D8E0089FA2C /* Base */ = {isa = PBXFileReference; lastKnownFileType = file.storyboard; name = Base; path = Base.lproj/LaunchScreen.storyboard; sourceTree = "<group>"; };
		94CF3D9D264E7D8E0089FA2C /* Info.plist */ = {isa = PBXFileReference; lastKnownFileType = text.plist.xml; path = Info.plist; sourceTree = "<group>"; };
		94CF3DA4264E82280089FA2C /* HomeCollectionViewController.swift */ = {isa = PBXFileReference; lastKnownFileType = sourcecode.swift; path = HomeCollectionViewController.swift; sourceTree = "<group>"; };
		94CF3DA7264E82370089FA2C /* HabitsCollectionViewController.swift */ = {isa = PBXFileReference; lastKnownFileType = sourcecode.swift; path = HabitsCollectionViewController.swift; sourceTree = "<group>"; };
		94CF3DAA264E82420089FA2C /* UserCollectionViewController.swift */ = {isa = PBXFileReference; lastKnownFileType = sourcecode.swift; path = UserCollectionViewController.swift; sourceTree = "<group>"; };
		94CF3DAD264E824F0089FA2C /* LogHabitCollectionViewController.swift */ = {isa = PBXFileReference; lastKnownFileType = sourcecode.swift; path = LogHabitCollectionViewController.swift; sourceTree = "<group>"; };
		94CF3DB0264E83720089FA2C /* HabitDetailViewController.swift */ = {isa = PBXFileReference; lastKnownFileType = sourcecode.swift; path = HabitDetailViewController.swift; sourceTree = "<group>"; };
		94CF3DB3264E83850089FA2C /* UserDetailViewController.swift */ = {isa = PBXFileReference; lastKnownFileType = sourcecode.swift; path = UserDetailViewController.swift; sourceTree = "<group>"; };
		94CF3DB6264E85A90089FA2C /* Habit.swift */ = {isa = PBXFileReference; lastKnownFileType = sourcecode.swift; path = Habit.swift; sourceTree = "<group>"; };
		94CF3DB9264E980A0089FA2C /* Category.swift */ = {isa = PBXFileReference; lastKnownFileType = sourcecode.swift; path = Category.swift; sourceTree = "<group>"; };
		94CF3DBC264E98320089FA2C /* Color.swift */ = {isa = PBXFileReference; lastKnownFileType = sourcecode.swift; path = Color.swift; sourceTree = "<group>"; };
		94CF3DBF264E9A620089FA2C /* APIRequest.swift */ = {isa = PBXFileReference; lastKnownFileType = sourcecode.swift; path = APIRequest.swift; sourceTree = "<group>"; };
		94CF3DC2264EA1B20089FA2C /* APIService.swift */ = {isa = PBXFileReference; lastKnownFileType = sourcecode.swift; path = APIService.swift; sourceTree = "<group>"; };
/* End PBXFileReference section */

/* Begin PBXFrameworksBuildPhase section */
		94CF3D89264E7D8B0089FA2C /* Frameworks */ = {
			isa = PBXFrameworksBuildPhase;
			buildActionMask = 2147483647;
			files = (
			);
			runOnlyForDeploymentPostprocessing = 0;
		};
/* End PBXFrameworksBuildPhase section */

/* Begin PBXGroup section */
		94CF3D83264E7D8B0089FA2C = {
			isa = PBXGroup;
			children = (
				94CF3D8E264E7D8B0089FA2C /* Habits */,
				94CF3D8D264E7D8B0089FA2C /* Products */,
			);
			sourceTree = "<group>";
		};
		94CF3D8D264E7D8B0089FA2C /* Products */ = {
			isa = PBXGroup;
			children = (
				94CF3D8C264E7D8B0089FA2C /* Habits.app */,
			);
			name = Products;
			sourceTree = "<group>";
		};
		94CF3D8E264E7D8B0089FA2C /* Habits */ = {
			isa = PBXGroup;
			children = (
				94CF3D8F264E7D8B0089FA2C /* AppDelegate.swift */,
				94CF3D91264E7D8B0089FA2C /* SceneDelegate.swift */,
				94CF3D93264E7D8B0089FA2C /* ViewController.swift */,
				94CF3D95264E7D8B0089FA2C /* Main.storyboard */,
				94CF3DB6264E85A90089FA2C /* Habit.swift */,
				94CF3DB9264E980A0089FA2C /* Category.swift */,
				94CF3DBC264E98320089FA2C /* Color.swift */,
				94CF3DBF264E9A620089FA2C /* APIRequest.swift */,
				94CF3DC2264EA1B20089FA2C /* APIService.swift */,
				94CF3DB0264E83720089FA2C /* HabitDetailViewController.swift */,
				94CF3DB3264E83850089FA2C /* UserDetailViewController.swift */,
				94CF3D98264E7D8E0089FA2C /* Assets.xcassets */,
				94CF3D9A264E7D8E0089FA2C /* LaunchScreen.storyboard */,
				94CF3D9D264E7D8E0089FA2C /* Info.plist */,
				94CF3DA4264E82280089FA2C /* HomeCollectionViewController.swift */,
				94CF3DA7264E82370089FA2C /* HabitsCollectionViewController.swift */,
				94CF3DAA264E82420089FA2C /* UserCollectionViewController.swift */,
				94CF3DAD264E824F0089FA2C /* LogHabitCollectionViewController.swift */,
			);
			path = Habits;
			sourceTree = "<group>";
		};
/* End PBXGroup section */

/* Begin PBXNativeTarget section */
		94CF3D8B264E7D8B0089FA2C /* Habits */ = {
			isa = PBXNativeTarget;
			buildConfigurationList = 94CF3DA0264E7D8E0089FA2C /* Build configuration list for PBXNativeTarget "Habits" */;
			buildPhases = (
				94CF3D88264E7D8B0089FA2C /* Sources */,
				94CF3D89264E7D8B0089FA2C /* Frameworks */,
				94CF3D8A264E7D8B0089FA2C /* Resources */,
			);
			buildRules = (
			);
			dependencies = (
			);
			name = Habits;
			productName = Habits;
			productReference = 94CF3D8C264E7D8B0089FA2C /* Habits.app */;
			productType = "com.apple.product-type.application";
		};
/* End PBXNativeTarget section */

/* Begin PBXProject section */
		94CF3D84264E7D8B0089FA2C /* Project object */ = {
			isa = PBXProject;
			attributes = {
				LastSwiftUpdateCheck = 1240;
				LastUpgradeCheck = 1240;
				TargetAttributes = {
					94CF3D8B264E7D8B0089FA2C = {
						CreatedOnToolsVersion = 12.4;
					};
				};
			};
			buildConfigurationList = 94CF3D87264E7D8B0089FA2C /* Build configuration list for PBXProject "Habits" */;
			compatibilityVersion = "Xcode 9.3";
			developmentRegion = en;
			hasScannedForEncodings = 0;
			knownRegions = (
				en,
				Base,
			);
			mainGroup = 94CF3D83264E7D8B0089FA2C;
			productRefGroup = 94CF3D8D264E7D8B0089FA2C /* Products */;
			projectDirPath = "";
			projectRoot = "";
			targets = (
				94CF3D8B264E7D8B0089FA2C /* Habits */,
			);
		};
/* End PBXProject section */

/* Begin PBXResourcesBuildPhase section */
		94CF3D8A264E7D8B0089FA2C /* Resources */ = {
			isa = PBXResourcesBuildPhase;
			buildActionMask = 2147483647;
			files = (
				94CF3D9C264E7D8E0089FA2C /* LaunchScreen.storyboard in Resources */,
				94CF3D99264E7D8E0089FA2C /* Assets.xcassets in Resources */,
				94CF3D97264E7D8B0089FA2C /* Main.storyboard in Resources */,
			);
			runOnlyForDeploymentPostprocessing = 0;
		};
/* End PBXResourcesBuildPhase section */

/* Begin PBXSourcesBuildPhase section */
		94CF3D88264E7D8B0089FA2C /* Sources */ = {
			isa = PBXSourcesBuildPhase;
			buildActionMask = 2147483647;
			files = (
				94CF3DAE264E824F0089FA2C /* LogHabitCollectionViewController.swift in Sources */,
				94CF3D94264E7D8B0089FA2C /* ViewController.swift in Sources */,
				94CF3DC0264E9A620089FA2C /* APIRequest.swift in Sources */,
				94CF3DB4264E83850089FA2C /* UserDetailViewController.swift in Sources */,
				94CF3DA8264E82370089FA2C /* HabitsCollectionViewController.swift in Sources */,
				94CF3DA5264E82280089FA2C /* HomeCollectionViewController.swift in Sources */,
				94CF3DBD264E98320089FA2C /* Color.swift in Sources */,
				94CF3DB1264E83720089FA2C /* HabitDetailViewController.swift in Sources */,
				94CF3DC3264EA1B20089FA2C /* APIService.swift in Sources */,
				94CF3DB7264E85A90089FA2C /* Habit.swift in Sources */,
				94CF3D90264E7D8B0089FA2C /* AppDelegate.swift in Sources */,
				94CF3D92264E7D8B0089FA2C /* SceneDelegate.swift in Sources */,
				94CF3DAB264E82420089FA2C /* UserCollectionViewController.swift in Sources */,
				94CF3DBA264E980A0089FA2C /* Category.swift in Sources */,
			);
			runOnlyForDeploymentPostprocessing = 0;
		};
/* End PBXSourcesBuildPhase section */

/* Begin PBXVariantGroup section */
		94CF3D95264E7D8B0089FA2C /* Main.storyboard */ = {
			isa = PBXVariantGroup;
			children = (
				94CF3D96264E7D8B0089FA2C /* Base */,
			);
			name = Main.storyboard;
			sourceTree = "<group>";
		};
		94CF3D9A264E7D8E0089FA2C /* LaunchScreen.storyboard */ = {
			isa = PBXVariantGroup;
			children = (
				94CF3D9B264E7D8E0089FA2C /* Base */,
			);
			name = LaunchScreen.storyboard;
			sourceTree = "<group>";
		};
/* End PBXVariantGroup section */

/* Begin XCBuildConfiguration section */
		94CF3D9E264E7D8E0089FA2C /* Debug */ = {
			isa = XCBuildConfiguration;
			buildSettings = {
				ALWAYS_SEARCH_USER_PATHS = NO;
				CLANG_ANALYZER_NONNULL = YES;
				CLANG_ANALYZER_NUMBER_OBJECT_CONVERSION = YES_AGGRESSIVE;
				CLANG_CXX_LANGUAGE_STANDARD = "gnu++14";
				CLANG_CXX_LIBRARY = "libc++";
				CLANG_ENABLE_MODULES = YES;
				CLANG_ENABLE_OBJC_ARC = YES;
				CLANG_ENABLE_OBJC_WEAK = YES;
				CLANG_WARN_BLOCK_CAPTURE_AUTORELEASING = YES;
				CLANG_WARN_BOOL_CONVERSION = YES;
				CLANG_WARN_COMMA = YES;
				CLANG_WARN_CONSTANT_CONVERSION = YES;
				CLANG_WARN_DEPRECATED_OBJC_IMPLEMENTATIONS = YES;
				CLANG_WARN_DIRECT_OBJC_ISA_USAGE = YES_ERROR;
				CLANG_WARN_DOCUMENTATION_COMMENTS = YES;
				CLANG_WARN_EMPTY_BODY = YES;
				CLANG_WARN_ENUM_CONVERSION = YES;
				CLANG_WARN_INFINITE_RECURSION = YES;
				CLANG_WARN_INT_CONVERSION = YES;
				CLANG_WARN_NON_LITERAL_NULL_CONVERSION = YES;
				CLANG_WARN_OBJC_IMPLICIT_RETAIN_SELF = YES;
				CLANG_WARN_OBJC_LITERAL_CONVERSION = YES;
				CLANG_WARN_OBJC_ROOT_CLASS = YES_ERROR;
				CLANG_WARN_QUOTED_INCLUDE_IN_FRAMEWORK_HEADER = YES;
				CLANG_WARN_RANGE_LOOP_ANALYSIS = YES;
				CLANG_WARN_STRICT_PROTOTYPES = YES;
				CLANG_WARN_SUSPICIOUS_MOVE = YES;
				CLANG_WARN_UNGUARDED_AVAILABILITY = YES_AGGRESSIVE;
				CLANG_WARN_UNREACHABLE_CODE = YES;
				CLANG_WARN__DUPLICATE_METHOD_MATCH = YES;
				COPY_PHASE_STRIP = NO;
				DEBUG_INFORMATION_FORMAT = dwarf;
				ENABLE_STRICT_OBJC_MSGSEND = YES;
				ENABLE_TESTABILITY = YES;
				GCC_C_LANGUAGE_STANDARD = gnu11;
				GCC_DYNAMIC_NO_PIC = NO;
				GCC_NO_COMMON_BLOCKS = YES;
				GCC_OPTIMIZATION_LEVEL = 0;
				GCC_PREPROCESSOR_DEFINITIONS = (
					"DEBUG=1",
					"$(inherited)",
				);
				GCC_WARN_64_TO_32_BIT_CONVERSION = YES;
				GCC_WARN_ABOUT_RETURN_TYPE = YES_ERROR;
				GCC_WARN_UNDECLARED_SELECTOR = YES;
				GCC_WARN_UNINITIALIZED_AUTOS = YES_AGGRESSIVE;
				GCC_WARN_UNUSED_FUNCTION = YES;
				GCC_WARN_UNUSED_VARIABLE = YES;
				IPHONEOS_DEPLOYMENT_TARGET = 14.4;
				MTL_ENABLE_DEBUG_INFO = INCLUDE_SOURCE;
				MTL_FAST_MATH = YES;
				ONLY_ACTIVE_ARCH = YES;
				SDKROOT = iphoneos;
				SWIFT_ACTIVE_COMPILATION_CONDITIONS = DEBUG;
				SWIFT_OPTIMIZATION_LEVEL = "-Onone";
			};
			name = Debug;
		};
		94CF3D9F264E7D8E0089FA2C /* Release */ = {
			isa = XCBuildConfiguration;
			buildSettings = {
				ALWAYS_SEARCH_USER_PATHS = NO;
				CLANG_ANALYZER_NONNULL = YES;
				CLANG_ANALYZER_NUMBER_OBJECT_CONVERSION = YES_AGGRESSIVE;
				CLANG_CXX_LANGUAGE_STANDARD = "gnu++14";
				CLANG_CXX_LIBRARY = "libc++";
				CLANG_ENABLE_MODULES = YES;
				CLANG_ENABLE_OBJC_ARC = YES;
				CLANG_ENABLE_OBJC_WEAK = YES;
				CLANG_WARN_BLOCK_CAPTURE_AUTORELEASING = YES;
				CLANG_WARN_BOOL_CONVERSION = YES;
				CLANG_WARN_COMMA = YES;
				CLANG_WARN_CONSTANT_CONVERSION = YES;
				CLANG_WARN_DEPRECATED_OBJC_IMPLEMENTATIONS = YES;
				CLANG_WARN_DIRECT_OBJC_ISA_USAGE = YES_ERROR;
				CLANG_WARN_DOCUMENTATION_COMMENTS = YES;
				CLANG_WARN_EMPTY_BODY = YES;
				CLANG_WARN_ENUM_CONVERSION = YES;
				CLANG_WARN_INFINITE_RECURSION = YES;
				CLANG_WARN_INT_CONVERSION = YES;
				CLANG_WARN_NON_LITERAL_NULL_CONVERSION = YES;
				CLANG_WARN_OBJC_IMPLICIT_RETAIN_SELF = YES;
				CLANG_WARN_OBJC_LITERAL_CONVERSION = YES;
				CLANG_WARN_OBJC_ROOT_CLASS = YES_ERROR;
				CLANG_WARN_QUOTED_INCLUDE_IN_FRAMEWORK_HEADER = YES;
				CLANG_WARN_RANGE_LOOP_ANALYSIS = YES;
				CLANG_WARN_STRICT_PROTOTYPES = YES;
				CLANG_WARN_SUSPICIOUS_MOVE = YES;
				CLANG_WARN_UNGUARDED_AVAILABILITY = YES_AGGRESSIVE;
				CLANG_WARN_UNREACHABLE_CODE = YES;
				CLANG_WARN__DUPLICATE_METHOD_MATCH = YES;
				COPY_PHASE_STRIP = NO;
				DEBUG_INFORMATION_FORMAT = "dwarf-with-dsym";
				ENABLE_NS_ASSERTIONS = NO;
				ENABLE_STRICT_OBJC_MSGSEND = YES;
				GCC_C_LANGUAGE_STANDARD = gnu11;
				GCC_NO_COMMON_BLOCKS = YES;
				GCC_WARN_64_TO_32_BIT_CONVERSION = YES;
				GCC_WARN_ABOUT_RETURN_TYPE = YES_ERROR;
				GCC_WARN_UNDECLARED_SELECTOR = YES;
				GCC_WARN_UNINITIALIZED_AUTOS = YES_AGGRESSIVE;
				GCC_WARN_UNUSED_FUNCTION = YES;
				GCC_WARN_UNUSED_VARIABLE = YES;
				IPHONEOS_DEPLOYMENT_TARGET = 14.4;
				MTL_ENABLE_DEBUG_INFO = NO;
				MTL_FAST_MATH = YES;
				SDKROOT = iphoneos;
				SWIFT_COMPILATION_MODE = wholemodule;
				SWIFT_OPTIMIZATION_LEVEL = "-O";
				VALIDATE_PRODUCT = YES;
			};
			name = Release;
		};
		94CF3DA1264E7D8E0089FA2C /* Debug */ = {
			isa = XCBuildConfiguration;
			buildSettings = {
				ASSETCATALOG_COMPILER_APPICON_NAME = AppIcon;
				ASSETCATALOG_COMPILER_GLOBAL_ACCENT_COLOR_NAME = AccentColor;
				CODE_SIGN_STYLE = Automatic;
				DEVELOPMENT_TEAM = SY3ZM44DT7;
				INFOPLIST_FILE = Habits/Info.plist;
				LD_RUNPATH_SEARCH_PATHS = (
					"$(inherited)",
					"@executable_path/Frameworks",
				);
				PRODUCT_BUNDLE_IDENTIFIER = com.egorShabalin.Habits;
				PRODUCT_NAME = "$(TARGET_NAME)";
				SWIFT_VERSION = 5.0;
				TARGETED_DEVICE_FAMILY = "1,2";
			};
			name = Debug;
		};
		94CF3DA2264E7D8E0089FA2C /* Release */ = {
			isa = XCBuildConfiguration;
			buildSettings = {
				ASSETCATALOG_COMPILER_APPICON_NAME = AppIcon;
				ASSETCATALOG_COMPILER_GLOBAL_ACCENT_COLOR_NAME = AccentColor;
				CODE_SIGN_STYLE = Automatic;
				DEVELOPMENT_TEAM = SY3ZM44DT7;
				INFOPLIST_FILE = Habits/Info.plist;
				LD_RUNPATH_SEARCH_PATHS = (
					"$(inherited)",
					"@executable_path/Frameworks",
				);
				PRODUCT_BUNDLE_IDENTIFIER = com.egorShabalin.Habits;
				PRODUCT_NAME = "$(TARGET_NAME)";
				SWIFT_VERSION = 5.0;
				TARGETED_DEVICE_FAMILY = "1,2";
			};
			name = Release;
		};
/* End XCBuildConfiguration section */

/* Begin XCConfigurationList section */
		94CF3D87264E7D8B0089FA2C /* Build configuration list for PBXProject "Habits" */ = {
			isa = XCConfigurationList;
			buildConfigurations = (
				94CF3D9E264E7D8E0089FA2C /* Debug */,
				94CF3D9F264E7D8E0089FA2C /* Release */,
			);
			defaultConfigurationIsVisible = 0;
			defaultConfigurationName = Release;
		};
		94CF3DA0264E7D8E0089FA2C /* Build configuration list for PBXNativeTarget "Habits" */ = {
			isa = XCConfigurationList;
			buildConfigurations = (
				94CF3DA1264E7D8E0089FA2C /* Debug */,
				94CF3DA2264E7D8E0089FA2C /* Release */,
			);
			defaultConfigurationIsVisible = 0;
			defaultConfigurationName = Release;
		};
/* End XCConfigurationList section */
	};
	rootObject = 94CF3D84264E7D8B0089FA2C /* Project object */;
}
